
Microsoft Visual Studio Solution File, Format Version 12.00
# Visual Studio Version 16
VisualStudioVersion = 16.0.28803.156
MinimumVisualStudioVersion = 10.0.40219.1
Project("{FAE04EC0-301F-11D3-BF4B-00C04F79EFBC}") = "DataBase Design", "DataBase Design\DataBase Design.csproj", "{D77D11B3-677A-44EA-A95D-F86EA41B36F0}"
EndProject
Global
	GlobalSection(SolutionConfigurationPlatforms) = preSolution
		Debug|Any CPU = Debug|Any CPU
		Release|Any CPU = Release|Any CPU
	EndGlobalSection
	GlobalSection(ProjectConfigurationPlatforms) = postSolution
		{D77D11B3-677A-44EA-A95D-F86EA41B36F0}.Debug|Any CPU.ActiveCfg = Debug|Any CPU
		{D77D11B3-677A-44EA-A95D-F86EA41B36F0}.Debug|Any CPU.Build.0 = Debug|Any CPU
		{D77D11B3-677A-44EA-A95D-F86EA41B36F0}.Release|Any CPU.ActiveCfg = Release|Any CPU
		{D77D11B3-677A-44EA-A95D-F86EA41B36F0}.Release|Any CPU.Build.0 = Release|Any CPU
	EndGlobalSection
	GlobalSection(SolutionProperties) = preSolution
		HideSolutionNode = FALSE
	EndGlobalSection
	GlobalSection(ExtensibilityGlobals) = postSolution
		SolutionGuid = {3785D9C1-81E7-482D-A92B-4CB8E964666A}
	EndGlobalSection
EndGlobal
